
Microsoft Visual Studio Solution File, Format Version 12.00
# Visual Studio Version 17
VisualStudioVersion = 17.11.35327.3
MinimumVisualStudioVersion = 10.0.40219.1
Project("{FAE04EC0-301F-11D3-BF4B-00C04F79EFBC}") = "WindowsFormsApp11", "WindowsFormsApp11\WindowsFormsApp11.csproj", "{097372B7-4932-4F39-A7D3-5B08899BCD40}"
EndProject
Global
	GlobalSection(SolutionConfigurationPlatforms) = preSolution
		Debug|Any CPU = Debug|Any CPU
		Release|Any CPU = Release|Any CPU
	EndGlobalSection
	GlobalSection(ProjectConfigurationPlatforms) = postSolution
		{097372B7-4932-4F39-A7D3-5B08899BCD40}.Debug|Any CPU.ActiveCfg = Debug|Any CPU
		{097372B7-4932-4F39-A7D3-5B08899BCD40}.Debug|Any CPU.Build.0 = Debug|Any CPU
		{097372B7-4932-4F39-A7D3-5B08899BCD40}.Release|Any CPU.ActiveCfg = Release|Any CPU
		{097372B7-4932-4F39-A7D3-5B08899BCD40}.Release|Any CPU.Build.0 = Release|Any CPU
	EndGlobalSection
	GlobalSection(SolutionProperties) = preSolution
		HideSolutionNode = FALSE
	EndGlobalSection
	GlobalSection(ExtensibilityGlobals) = postSolution
		SolutionGuid = {0B52CB97-F684-44E5-BDEB-9402F5E4BA3A}
	EndGlobalSection
EndGlobal
